
Microsoft Visual Studio Solution File, Format Version 12.00
Project("{FAE04EC0-301F-11D3-BF4B-00C04F79EFBC}") = "jsserver", "jsserver.csproj", "{D42E4F1D-F0F9-4E0F-8427-9ECA8E647F1F}"
EndProject
Global
	GlobalSection(SolutionConfigurationPlatforms) = preSolution
		Debug|Any CPU = Debug|Any CPU
		Release|Any CPU = Release|Any CPU
	EndGlobalSection
	GlobalSection(ProjectConfigurationPlatforms) = postSolution
		{D42E4F1D-F0F9-4E0F-8427-9ECA8E647F1F}.Debug|Any CPU.ActiveCfg = Debug|Any CPU
		{D42E4F1D-F0F9-4E0F-8427-9ECA8E647F1F}.Debug|Any CPU.Build.0 = Debug|Any CPU
		{D42E4F1D-F0F9-4E0F-8427-9ECA8E647F1F}.Release|Any CPU.ActiveCfg = Release|Any CPU
		{D42E4F1D-F0F9-4E0F-8427-9ECA8E647F1F}.Release|Any CPU.Build.0 = Release|Any CPU
	EndGlobalSection
EndGlobal
